
Microsoft Visual Studio Solution File, Format Version 12.00
# Visual Studio Version 17
VisualStudioVersion = 17.10.35027.167
MinimumVisualStudioVersion = 10.0.40219.1
Project("{FAE04EC0-301F-11D3-BF4B-00C04F79EFBC}") = "atividadeCONVERSOR", "atividadeCONVERSOR\atividadeCONVERSOR.csproj", "{69877371-AE44-4078-BA47-605AE3487590}"
EndProject
Global
	GlobalSection(SolutionConfigurationPlatforms) = preSolution
		Debug|Any CPU = Debug|Any CPU
		Release|Any CPU = Release|Any CPU
	EndGlobalSection
	GlobalSection(ProjectConfigurationPlatforms) = postSolution
		{69877371-AE44-4078-BA47-605AE3487590}.Debug|Any CPU.ActiveCfg = Debug|Any CPU
		{69877371-AE44-4078-BA47-605AE3487590}.Debug|Any CPU.Build.0 = Debug|Any CPU
		{69877371-AE44-4078-BA47-605AE3487590}.Release|Any CPU.ActiveCfg = Release|Any CPU
		{69877371-AE44-4078-BA47-605AE3487590}.Release|Any CPU.Build.0 = Release|Any CPU
	EndGlobalSection
	GlobalSection(SolutionProperties) = preSolution
		HideSolutionNode = FALSE
	EndGlobalSection
	GlobalSection(ExtensibilityGlobals) = postSolution
		SolutionGuid = {26550E16-60C4-4A92-A349-CB6EBD7E1D11}
	EndGlobalSection
EndGlobal
